name: Update flake.lock
on:
  workflow_dispatch: # allows manual triggering
  schedule:
    - cron: '0 0 * * 0' # runs weekly on Sunday at 00:00
jobs:
  update-flake-inputs:
    runs-on: ubuntu-latest
    permissions:
      contents: write
      pull-requests: write
    steps:
      - uses: actions/checkout@v6.0.3
      - uses: DeterminateSystems/determinate-nix-action@v3
      - name: Generate unique branch name
        run: echo "BRANCH_NAME=update-flake-lock-$(date +%s)" >> "$GITHUB_ENV"
      - name: Update flake.lock
        uses: DeterminateSystems/update-flake-lock@main
        with:
          token: ${{ secrets.PR_AUTO_APPROVE_PAT }}
          pr-title: "Update flake.lock"
          branch: ${{ env.BRANCH_NAME }}
          pr-labels: |
            dependencies
            automated
